
Microsoft Visual Studio Solution File, Format Version 12.00
# Visual Studio Version 17
VisualStudioVersion = 17.8.34408.163
MinimumVisualStudioVersion = 10.0.40219.1
Project("{2150E333-8FDC-42A3-9474-1A3956D46DE8}") = "Services", "Services", "{4DBEAF67-A791-47CC-9289-EAA50EF66E24}"
EndProject
Project("{2150E333-8FDC-42A3-9474-1A3956D46DE8}") = "DependenceInjections", "DependenceInjections", "{1242ED6F-D1E7-45DD-88D9-7B768833FAC2}"
EndProject
Project("{2150E333-8FDC-42A3-9474-1A3956D46DE8}") = "Contracts", "Contracts", "{3111203B-C479-4F7E-B84B-BFC3E64B5E57}"
EndProject
Project("{9A19103F-16F7-4668-BE54-9A1E7A4F7556}") = "ServicesCommon", "ServicesCommon\ServicesCommon.csproj", "{A9C09868-B765-4571-AF59-FE144EFE975A}"
EndProject
Project("{9A19103F-16F7-4668-BE54-9A1E7A4F7556}") = "CatalogItem", "CatalogItem\CatalogItem.csproj", "{77342B83-694F-4E15-97EE-6BC26CE7FE0D}"
EndProject
Project("{9A19103F-16F7-4668-BE54-9A1E7A4F7556}") = "CatalogLaptopContract", "CatalogLaptopContract\CatalogLaptopContract.csproj", "{C9540ACD-FF46-40CC-9D00-C09FA6F61EF3}"
EndProject
Project("{9A19103F-16F7-4668-BE54-9A1E7A4F7556}") = "Cart", "Cart\Cart.csproj", "{9F263924-F19E-46C6-813C-3041857A94DD}"
EndProject
Project("{9A19103F-16F7-4668-BE54-9A1E7A4F7556}") = "Bill", "Bill\Bill.csproj", "{7073445A-5B2A-4E92-8A86-A7ED84215E3F}"
EndProject
Project("{9A19103F-16F7-4668-BE54-9A1E7A4F7556}") = "User", "User\User.csproj", "{81EE19E4-8B93-4C06-8AAD-B6161ED62DE8}"
EndProject
Project("{9A19103F-16F7-4668-BE54-9A1E7A4F7556}") = "Coupons", "Coupon\Coupons.csproj", "{BBA02B56-912C-4C85-9C8E-5141EE19BE0F}"
EndProject
Project("{9A19103F-16F7-4668-BE54-9A1E7A4F7556}") = "StaffService", "StaffService\StaffService.csproj", "{FB31CF58-3DCD-4EF3-B202-BFC4C83CDB11}"
EndProject
Project("{9A19103F-16F7-4668-BE54-9A1E7A4F7556}") = "AdminService", "AdminService\AdminService.csproj", "{3463CB05-136D-408A-8EA6-6A495C630CE9}"
EndProject
Project("{FAE04EC0-301F-11D3-BF4B-00C04F79EFBC}") = "AuthService", "AuthService\AuthService.csproj", "{5BC8E37E-161A-4B61-A1A2-30070699C823}"
EndProject
Project("{FAE04EC0-301F-11D3-BF4B-00C04F79EFBC}") = "GateWay", "GateWay\GateWay.csproj", "{9CD23D4E-34AB-4241-A8E3-B5CFA4751AE6}"
EndProject
Global
	GlobalSection(SolutionConfigurationPlatforms) = preSolution
		Debug|Any CPU = Debug|Any CPU
		Release|Any CPU = Release|Any CPU
	EndGlobalSection
	GlobalSection(ProjectConfigurationPlatforms) = postSolution
		{A9C09868-B765-4571-AF59-FE144EFE975A}.Debug|Any CPU.ActiveCfg = Debug|Any CPU
		{A9C09868-B765-4571-AF59-FE144EFE975A}.Debug|Any CPU.Build.0 = Debug|Any CPU
		{A9C09868-B765-4571-AF59-FE144EFE975A}.Release|Any CPU.ActiveCfg = Release|Any CPU
		{A9C09868-B765-4571-AF59-FE144EFE975A}.Release|Any CPU.Build.0 = Release|Any CPU
		{77342B83-694F-4E15-97EE-6BC26CE7FE0D}.Debug|Any CPU.ActiveCfg = Debug|Any CPU
		{77342B83-694F-4E15-97EE-6BC26CE7FE0D}.Debug|Any CPU.Build.0 = Debug|Any CPU
		{77342B83-694F-4E15-97EE-6BC26CE7FE0D}.Release|Any CPU.ActiveCfg = Release|Any CPU
		{77342B83-694F-4E15-97EE-6BC26CE7FE0D}.Release|Any CPU.Build.0 = Release|Any CPU
		{C9540ACD-FF46-40CC-9D00-C09FA6F61EF3}.Debug|Any CPU.ActiveCfg = Debug|Any CPU
		{C9540ACD-FF46-40CC-9D00-C09FA6F61EF3}.Debug|Any CPU.Build.0 = Debug|Any CPU
		{C9540ACD-FF46-40CC-9D00-C09FA6F61EF3}.Release|Any CPU.ActiveCfg = Release|Any CPU
		{C9540ACD-FF46-40CC-9D00-C09FA6F61EF3}.Release|Any CPU.Build.0 = Release|Any CPU
		{9F263924-F19E-46C6-813C-3041857A94DD}.Debug|Any CPU.ActiveCfg = Debug|Any CPU
		{9F263924-F19E-46C6-813C-3041857A94DD}.Debug|Any CPU.Build.0 = Debug|Any CPU
		{9F263924-F19E-46C6-813C-3041857A94DD}.Release|Any CPU.ActiveCfg = Release|Any CPU
		{9F263924-F19E-46C6-813C-3041857A94DD}.Release|Any CPU.Build.0 = Release|Any CPU
		{7073445A-5B2A-4E92-8A86-A7ED84215E3F}.Debug|Any CPU.ActiveCfg = Debug|Any CPU
		{7073445A-5B2A-4E92-8A86-A7ED84215E3F}.Debug|Any CPU.Build.0 = Debug|Any CPU
		{7073445A-5B2A-4E92-8A86-A7ED84215E3F}.Release|Any CPU.ActiveCfg = Release|Any CPU
		{7073445A-5B2A-4E92-8A86-A7ED84215E3F}.Release|Any CPU.Build.0 = Release|Any CPU
		{81EE19E4-8B93-4C06-8AAD-B6161ED62DE8}.Debug|Any CPU.ActiveCfg = Debug|Any CPU
		{81EE19E4-8B93-4C06-8AAD-B6161ED62DE8}.Debug|Any CPU.Build.0 = Debug|Any CPU
		{81EE19E4-8B93-4C06-8AAD-B6161ED62DE8}.Release|Any CPU.ActiveCfg = Release|Any CPU
		{81EE19E4-8B93-4C06-8AAD-B6161ED62DE8}.Release|Any CPU.Build.0 = Release|Any CPU
		{BBA02B56-912C-4C85-9C8E-5141EE19BE0F}.Debug|Any CPU.ActiveCfg = Debug|Any CPU
		{BBA02B56-912C-4C85-9C8E-5141EE19BE0F}.Debug|Any CPU.Build.0 = Debug|Any CPU
		{BBA02B56-912C-4C85-9C8E-5141EE19BE0F}.Release|Any CPU.ActiveCfg = Release|Any CPU
		{BBA02B56-912C-4C85-9C8E-5141EE19BE0F}.Release|Any CPU.Build.0 = Release|Any CPU
		{FB31CF58-3DCD-4EF3-B202-BFC4C83CDB11}.Debug|Any CPU.ActiveCfg = Debug|Any CPU
		{FB31CF58-3DCD-4EF3-B202-BFC4C83CDB11}.Debug|Any CPU.Build.0 = Debug|Any CPU
		{FB31CF58-3DCD-4EF3-B202-BFC4C83CDB11}.Release|Any CPU.ActiveCfg = Release|Any CPU
		{FB31CF58-3DCD-4EF3-B202-BFC4C83CDB11}.Release|Any CPU.Build.0 = Release|Any CPU
		{3463CB05-136D-408A-8EA6-6A495C630CE9}.Debug|Any CPU.ActiveCfg = Debug|Any CPU
		{3463CB05-136D-408A-8EA6-6A495C630CE9}.Debug|Any CPU.Build.0 = Debug|Any CPU
		{3463CB05-136D-408A-8EA6-6A495C630CE9}.Release|Any CPU.ActiveCfg = Release|Any CPU
		{3463CB05-136D-408A-8EA6-6A495C630CE9}.Release|Any CPU.Build.0 = Release|Any CPU
		{5BC8E37E-161A-4B61-A1A2-30070699C823}.Debug|Any CPU.ActiveCfg = Debug|Any CPU
		{5BC8E37E-161A-4B61-A1A2-30070699C823}.Debug|Any CPU.Build.0 = Debug|Any CPU
		{5BC8E37E-161A-4B61-A1A2-30070699C823}.Release|Any CPU.ActiveCfg = Release|Any CPU
		{5BC8E37E-161A-4B61-A1A2-30070699C823}.Release|Any CPU.Build.0 = Release|Any CPU
		{9CD23D4E-34AB-4241-A8E3-B5CFA4751AE6}.Debug|Any CPU.ActiveCfg = Debug|Any CPU
		{9CD23D4E-34AB-4241-A8E3-B5CFA4751AE6}.Debug|Any CPU.Build.0 = Debug|Any CPU
		{9CD23D4E-34AB-4241-A8E3-B5CFA4751AE6}.Release|Any CPU.ActiveCfg = Release|Any CPU
		{9CD23D4E-34AB-4241-A8E3-B5CFA4751AE6}.Release|Any CPU.Build.0 = Release|Any CPU
	EndGlobalSection
	GlobalSection(SolutionProperties) = preSolution
		HideSolutionNode = FALSE
	EndGlobalSection
	GlobalSection(NestedProjects) = preSolution
		{A9C09868-B765-4571-AF59-FE144EFE975A} = {1242ED6F-D1E7-45DD-88D9-7B768833FAC2}
		{77342B83-694F-4E15-97EE-6BC26CE7FE0D} = {4DBEAF67-A791-47CC-9289-EAA50EF66E24}
		{C9540ACD-FF46-40CC-9D00-C09FA6F61EF3} = {3111203B-C479-4F7E-B84B-BFC3E64B5E57}
		{9F263924-F19E-46C6-813C-3041857A94DD} = {4DBEAF67-A791-47CC-9289-EAA50EF66E24}
		{7073445A-5B2A-4E92-8A86-A7ED84215E3F} = {4DBEAF67-A791-47CC-9289-EAA50EF66E24}
		{81EE19E4-8B93-4C06-8AAD-B6161ED62DE8} = {4DBEAF67-A791-47CC-9289-EAA50EF66E24}
		{BBA02B56-912C-4C85-9C8E-5141EE19BE0F} = {4DBEAF67-A791-47CC-9289-EAA50EF66E24}
		{FB31CF58-3DCD-4EF3-B202-BFC4C83CDB11} = {4DBEAF67-A791-47CC-9289-EAA50EF66E24}
		{3463CB05-136D-408A-8EA6-6A495C630CE9} = {4DBEAF67-A791-47CC-9289-EAA50EF66E24}
		{5BC8E37E-161A-4B61-A1A2-30070699C823} = {4DBEAF67-A791-47CC-9289-EAA50EF66E24}
		{9CD23D4E-34AB-4241-A8E3-B5CFA4751AE6} = {4DBEAF67-A791-47CC-9289-EAA50EF66E24}
	EndGlobalSection
	GlobalSection(ExtensibilityGlobals) = postSolution
		SolutionGuid = {9A182109-3F25-4ABC-AD78-4083ED3ED282}
	EndGlobalSection
EndGlobal
